# This file is automatically @generated by Cargo.
# It is not intended for manual editing.
version = 4

[[package]]
name = "chatgpt-fix-core"
version = "1.0.2"

[[package]]
name = "chatgpt-fix-launcher"
version = "1.0.2"
dependencies = [
 "chatgpt-fix-core",
]

[[package]]
name = "chatgpt-fix-manager"
version = "1.0.2"
dependencies = [
 "chatgpt-fix-core",
]

[[package]]
name = "chatgpt-fix-packer"
version = "1.0.2"
dependencies = [
 "chatgpt-fix-core",
]

[[package]]
name = "chatgpt-fix-setup"
version = "1.0.2"
dependencies = [
 "chatgpt-fix-core",
]
